
Microsoft Visual Studio Solution File, Format Version 12.00
# Visual Studio 15
VisualStudioVersion = 15.0.27130.2036
MinimumVisualStudioVersion = 10.0.40219.1
Project("{9A19103F-16F7-4668-BE54-9A1E7A4F7556}") = "Gadget.Api", "src\Gadget.Api\Gadget.Api.csproj", "{03634077-7B90-4044-A17B-900471790A93}"
EndProject
Project("{E53339B2-1760-4266-BCC7-CA923CBCF16C}") = "docker-compose", "docker-compose.dcproj", "{1FC1C78A-360D-4415-9AE3-940B217EA773}"
EndProject
Project("{2150E333-8FDC-42A3-9474-1A3956D46DE8}") = "src", "src", "{A0B5D082-743B-49CC-A743-D880FF18F22F}"
EndProject
Project("{2150E333-8FDC-42A3-9474-1A3956D46DE8}") = "test", "test", "{59F161E1-17C1-44DB-9EA2-EC0580D9E172}"
EndProject
Project("{2150E333-8FDC-42A3-9474-1A3956D46DE8}") = "stylecop", "stylecop", "{6945FC4A-DE5F-44F6-AE28-845898FAF1D4}"
	ProjectSection(SolutionItems) = preProject
		stylecop\stylecop.json = stylecop\stylecop.json
		stylecop\StyleCopRules.ruleset = stylecop\StyleCopRules.ruleset
	EndProjectSection
EndProject
Project("{2150E333-8FDC-42A3-9474-1A3956D46DE8}") = "Solution Items", "Solution Items", "{9E1DF0F7-6F69-437A-AD84-6E77128A35B7}"
	ProjectSection(SolutionItems) = preProject
		build.md = build.md
		readme.md = readme.md
	EndProjectSection
EndProject
Project("{9A19103F-16F7-4668-BE54-9A1E7A4F7556}") = "Gadget.Data", "src\Gadget.Data\Gadget.Data.csproj", "{4644BF87-F79F-4678-90F1-152C16FE1DEC}"
EndProject
Project("{FAE04EC0-301F-11D3-BF4B-00C04F79EFBC}") = "Gadget.Web", "src\Gadget.Web\Gadget.Web.csproj", "{64703474-BC48-4A07-8E86-BD7D1EC6FD4E}"
EndProject
Global
	GlobalSection(SolutionConfigurationPlatforms) = preSolution
		Debug|Any CPU = Debug|Any CPU
		Release|Any CPU = Release|Any CPU
	EndGlobalSection
	GlobalSection(ProjectConfigurationPlatforms) = postSolution
		{03634077-7B90-4044-A17B-900471790A93}.Debug|Any CPU.ActiveCfg = Debug|Any CPU
		{03634077-7B90-4044-A17B-900471790A93}.Debug|Any CPU.Build.0 = Debug|Any CPU
		{03634077-7B90-4044-A17B-900471790A93}.Release|Any CPU.ActiveCfg = Release|Any CPU
		{03634077-7B90-4044-A17B-900471790A93}.Release|Any CPU.Build.0 = Release|Any CPU
		{1FC1C78A-360D-4415-9AE3-940B217EA773}.Debug|Any CPU.ActiveCfg = Debug|Any CPU
		{1FC1C78A-360D-4415-9AE3-940B217EA773}.Debug|Any CPU.Build.0 = Debug|Any CPU
		{1FC1C78A-360D-4415-9AE3-940B217EA773}.Release|Any CPU.ActiveCfg = Release|Any CPU
		{1FC1C78A-360D-4415-9AE3-940B217EA773}.Release|Any CPU.Build.0 = Release|Any CPU
		{4644BF87-F79F-4678-90F1-152C16FE1DEC}.Debug|Any CPU.ActiveCfg = Debug|Any CPU
		{4644BF87-F79F-4678-90F1-152C16FE1DEC}.Debug|Any CPU.Build.0 = Debug|Any CPU
		{4644BF87-F79F-4678-90F1-152C16FE1DEC}.Release|Any CPU.ActiveCfg = Release|Any CPU
		{4644BF87-F79F-4678-90F1-152C16FE1DEC}.Release|Any CPU.Build.0 = Release|Any CPU
		{64703474-BC48-4A07-8E86-BD7D1EC6FD4E}.Debug|Any CPU.ActiveCfg = Debug|Any CPU
		{64703474-BC48-4A07-8E86-BD7D1EC6FD4E}.Debug|Any CPU.Build.0 = Debug|Any CPU
		{64703474-BC48-4A07-8E86-BD7D1EC6FD4E}.Release|Any CPU.ActiveCfg = Release|Any CPU
		{64703474-BC48-4A07-8E86-BD7D1EC6FD4E}.Release|Any CPU.Build.0 = Release|Any CPU
	EndGlobalSection
	GlobalSection(SolutionProperties) = preSolution
		HideSolutionNode = FALSE
	EndGlobalSection
	GlobalSection(NestedProjects) = preSolution
		{03634077-7B90-4044-A17B-900471790A93} = {A0B5D082-743B-49CC-A743-D880FF18F22F}
		{4644BF87-F79F-4678-90F1-152C16FE1DEC} = {A0B5D082-743B-49CC-A743-D880FF18F22F}
		{64703474-BC48-4A07-8E86-BD7D1EC6FD4E} = {A0B5D082-743B-49CC-A743-D880FF18F22F}
	EndGlobalSection
	GlobalSection(ExtensibilityGlobals) = postSolution
		SolutionGuid = {783CA298-C965-4248-92A7-58357CC18782}
	EndGlobalSection
EndGlobal
